
Microsoft Visual Studio Solution File, Format Version 12.00
# Visual Studio Version 16
VisualStudioVersion = 16.0.30907.101
MinimumVisualStudioVersion = 10.0.40219.1
Project("{FAE04EC0-301F-11D3-BF4B-00C04F79EFBC}") = "ProjectAPI", "..\ProjectAPI\ProjectAPI.csproj", "{EA2CC5CB-01A7-4C84-B43F-3788EA418903}"
EndProject
Global
	GlobalSection(SolutionConfigurationPlatforms) = preSolution
		Debug|Any CPU = Debug|Any CPU
		Release|Any CPU = Release|Any CPU
	EndGlobalSection
	GlobalSection(ProjectConfigurationPlatforms) = postSolution
		{EA2CC5CB-01A7-4C84-B43F-3788EA418903}.Debug|Any CPU.ActiveCfg = Debug|Any CPU
		{EA2CC5CB-01A7-4C84-B43F-3788EA418903}.Debug|Any CPU.Build.0 = Debug|Any CPU
		{EA2CC5CB-01A7-4C84-B43F-3788EA418903}.Release|Any CPU.ActiveCfg = Release|Any CPU
		{EA2CC5CB-01A7-4C84-B43F-3788EA418903}.Release|Any CPU.Build.0 = Release|Any CPU
	EndGlobalSection
	GlobalSection(SolutionProperties) = preSolution
		HideSolutionNode = FALSE
	EndGlobalSection
	GlobalSection(ExtensibilityGlobals) = postSolution
		SolutionGuid = {BBAAC994-1233-481C-903A-D8CC2CD13A4D}
	EndGlobalSection
EndGlobal
